// !$*UTF8*$!
{
	archiveVersion = 1;
	classes = {
	};
	objectVersion = 56;
	objects = {

/* Begin PBXBuildFile section */
		ED446AC8299627500056C3AC /* AI_LegendApp.swift in Sources */ = {isa = PBXBuildFile; fileRef = ED446AC7299627500056C3AC /* AI_LegendApp.swift */; };
		ED446ACA299627500056C3AC /* ContentView.swift in Sources */ = {isa = PBXBuildFile; fileRef = ED446AC9299627500056C3AC /* ContentView.swift */; };
		ED446ACC299627520056C3AC /* Assets.xcassets in Resources */ = {isa = PBXBuildFile; fileRef = ED446ACB299627520056C3AC /* Assets.xcassets */; };
		ED446ACF299627520056C3AC /* Preview Assets.xcassets in Resources */ = {isa = PBXBuildFile; fileRef = ED446ACE299627520056C3AC /* Preview Assets.xcassets */; };
		ED446AD7299629620056C3AC /* GoogleMobileAds in Frameworks */ = {isa = PBXBuildFile; productRef = ED446AD6299629620056C3AC /* GoogleMobileAds */; };
		ED446ADA29962AB30056C3AC /* BannerAd.swift in Sources */ = {isa = PBXBuildFile; fileRef = ED446AD929962AB30056C3AC /* BannerAd.swift */; };
		ED446ADE299632180056C3AC /* SplashScreenView.swift in Sources */ = {isa = PBXBuildFile; fileRef = ED446ADD299632180056C3AC /* SplashScreenView.swift */; };
		ED446AE0299632400056C3AC /* Home.swift in Sources */ = {isa = PBXBuildFile; fileRef = ED446ADF299632400056C3AC /* Home.swift */; };
		ED446AE22996327B0056C3AC /* ActivityIndicator.swift in Sources */ = {isa = PBXBuildFile; fileRef = ED446AE12996327B0056C3AC /* ActivityIndicator.swift */; };
		ED446AE4299632E60056C3AC /* OpenVM.swift in Sources */ = {isa = PBXBuildFile; fileRef = ED446AE3299632E60056C3AC /* OpenVM.swift */; };
		ED446AE7299633100056C3AC /* OpenAIKit in Frameworks */ = {isa = PBXBuildFile; productRef = ED446AE6299633100056C3AC /* OpenAIKit */; };
		ED446AE9299633700056C3AC /* CustomAlbum.swift in Sources */ = {isa = PBXBuildFile; fileRef = ED446AE8299633700056C3AC /* CustomAlbum.swift */; };
		ED446AEB299633850056C3AC /* Error.swift in Sources */ = {isa = PBXBuildFile; fileRef = ED446AEA299633850056C3AC /* Error.swift */; };
/* End PBXBuildFile section */

/* Begin PBXFileReference section */
		ED446AC4299627500056C3AC /* AI Legend.app */ = {isa = PBXFileReference; explicitFileType = wrapper.application; includeInIndex = 0; path = "AI Legend.app"; sourceTree = BUILT_PRODUCTS_DIR; };
		ED446AC7299627500056C3AC /* AI_LegendApp.swift */ = {isa = PBXFileReference; lastKnownFileType = sourcecode.swift; path = AI_LegendApp.swift; sourceTree = "<group>"; };
		ED446AC9299627500056C3AC /* ContentView.swift */ = {isa = PBXFileReference; lastKnownFileType = sourcecode.swift; path = ContentView.swift; sourceTree = "<group>"; };
		ED446ACB299627520056C3AC /* Assets.xcassets */ = {isa = PBXFileReference; lastKnownFileType = folder.assetcatalog; path = Assets.xcassets; sourceTree = "<group>"; };
		ED446ACE299627520056C3AC /* Preview Assets.xcassets */ = {isa = PBXFileReference; lastKnownFileType = folder.assetcatalog; path = "Preview Assets.xcassets"; sourceTree = "<group>"; };
		ED446AD829962A180056C3AC /* AI-Legend-Info.plist */ = {isa = PBXFileReference; lastKnownFileType = text.plist; path = "AI-Legend-Info.plist"; sourceTree = SOURCE_ROOT; };
		ED446AD929962AB30056C3AC /* BannerAd.swift */ = {isa = PBXFileReference; lastKnownFileType = sourcecode.swift; path = BannerAd.swift; sourceTree = "<group>"; };
		ED446ADD299632180056C3AC /* SplashScreenView.swift */ = {isa = PBXFileReference; lastKnownFileType = sourcecode.swift; path = SplashScreenView.swift; sourceTree = "<group>"; };
		ED446ADF299632400056C3AC /* Home.swift */ = {isa = PBXFileReference; lastKnownFileType = sourcecode.swift; path = Home.swift; sourceTree = "<group>"; };
		ED446AE12996327B0056C3AC /* ActivityIndicator.swift */ = {isa = PBXFileReference; lastKnownFileType = sourcecode.swift; path = ActivityIndicator.swift; sourceTree = "<group>"; };
		ED446AE3299632E60056C3AC /* OpenVM.swift */ = {isa = PBXFileReference; lastKnownFileType = sourcecode.swift; path = OpenVM.swift; sourceTree = "<group>"; };
		ED446AE8299633700056C3AC /* CustomAlbum.swift */ = {isa = PBXFileReference; lastKnownFileType = sourcecode.swift; path = CustomAlbum.swift; sourceTree = "<group>"; };
		ED446AEA299633850056C3AC /* Error.swift */ = {isa = PBXFileReference; lastKnownFileType = sourcecode.swift; path = Error.swift; sourceTree = "<group>"; };
/* End PBXFileReference section */

/* Begin PBXFrameworksBuildPhase section */
		ED446AC1299627500056C3AC /* Frameworks */ = {
			isa = PBXFrameworksBuildPhase;
			buildActionMask = 2147483647;
			files = (
				ED446AD7299629620056C3AC /* GoogleMobileAds in Frameworks */,
				ED446AE7299633100056C3AC /* OpenAIKit in Frameworks */,
			);
			runOnlyForDeploymentPostprocessing = 0;
		};
/* End PBXFrameworksBuildPhase section */

/* Begin PBXGroup section */
		ED446ABB299627500056C3AC = {
			isa = PBXGroup;
			children = (
				ED446AC6299627500056C3AC /* AI Legend */,
				ED446AC5299627500056C3AC /* Products */,
			);
			sourceTree = "<group>";
		};
		ED446AC5299627500056C3AC /* Products */ = {
			isa = PBXGroup;
			children = (
				ED446AC4299627500056C3AC /* AI Legend.app */,
			);
			name = Products;
			sourceTree = "<group>";
		};
		ED446AC6299627500056C3AC /* AI Legend */ = {
			isa = PBXGroup;
			children = (
				ED446ADC299631E20056C3AC /* ViewModel */,
				ED446ADB299631DC0056C3AC /* View */,
				ED446AD829962A180056C3AC /* AI-Legend-Info.plist */,
				ED446AC7299627500056C3AC /* AI_LegendApp.swift */,
				ED446AC9299627500056C3AC /* ContentView.swift */,
				ED446ACB299627520056C3AC /* Assets.xcassets */,
				ED446ACD299627520056C3AC /* Preview Content */,
				ED446AE12996327B0056C3AC /* ActivityIndicator.swift */,
				ED446AE8299633700056C3AC /* CustomAlbum.swift */,
				ED446AEA299633850056C3AC /* Error.swift */,
			);
			path = "AI Legend";
			sourceTree = "<group>";
		};
		ED446ACD299627520056C3AC /* Preview Content */ = {
			isa = PBXGroup;
			children = (
				ED446ACE299627520056C3AC /* Preview Assets.xcassets */,
			);
			path = "Preview Content";
			sourceTree = "<group>";
		};
		ED446ADB299631DC0056C3AC /* View */ = {
			isa = PBXGroup;
			children = (
				ED446AD929962AB30056C3AC /* BannerAd.swift */,
				ED446ADD299632180056C3AC /* SplashScreenView.swift */,
				ED446ADF299632400056C3AC /* Home.swift */,
			);
			path = View;
			sourceTree = "<group>";
		};
		ED446ADC299631E20056C3AC /* ViewModel */ = {
			isa = PBXGroup;
			children = (
				ED446AE3299632E60056C3AC /* OpenVM.swift */,
			);
			path = ViewModel;
			sourceTree = "<group>";
		};
/* End PBXGroup section */

/* Begin PBXNativeTarget section */
		ED446AC3299627500056C3AC /* AI Legend */ = {
			isa = PBXNativeTarget;
			buildConfigurationList = ED446AD2299627520056C3AC /* Build configuration list for PBXNativeTarget "AI Legend" */;
			buildPhases = (
				ED446AC0299627500056C3AC /* Sources */,
				ED446AC1299627500056C3AC /* Frameworks */,
				ED446AC2299627500056C3AC /* Resources */,
			);
			buildRules = (
			);
			dependencies = (
			);
			name = "AI Legend";
			packageProductDependencies = (
				ED446AD6299629620056C3AC /* GoogleMobileAds */,
				ED446AE6299633100056C3AC /* OpenAIKit */,
			);
			productName = "AI Legend";
			productReference = ED446AC4299627500056C3AC /* AI Legend.app */;
			productType = "com.apple.product-type.application";
		};
/* End PBXNativeTarget section */

/* Begin PBXProject section */
		ED446ABC299627500056C3AC /* Project object */ = {
			isa = PBXProject;
			attributes = {
				BuildIndependentTargetsInParallel = 1;
				LastSwiftUpdateCheck = 1420;
				LastUpgradeCheck = 1420;
				TargetAttributes = {
					ED446AC3299627500056C3AC = {
						CreatedOnToolsVersion = 14.2;
					};
				};
			};
			buildConfigurationList = ED446ABF299627500056C3AC /* Build configuration list for PBXProject "AI Legend" */;
			compatibilityVersion = "Xcode 14.0";
			developmentRegion = en;
			hasScannedForEncodings = 0;
			knownRegions = (
				en,
				Base,
			);
			mainGroup = ED446ABB299627500056C3AC;
			packageReferences = (
				ED446AD5299629620056C3AC /* XCRemoteSwiftPackageReference "swift-package-manager-google-mobile-ads" */,
				ED446AE5299633100056C3AC /* XCRemoteSwiftPackageReference "OpenAIKit" */,
			);
			productRefGroup = ED446AC5299627500056C3AC /* Products */;
			projectDirPath = "";
			projectRoot = "";
			targets = (
				ED446AC3299627500056C3AC /* AI Legend */,
			);
		};
/* End PBXProject section */

/* Begin PBXResourcesBuildPhase section */
		ED446AC2299627500056C3AC /* Resources */ = {
			isa = PBXResourcesBuildPhase;
			buildActionMask = 2147483647;
			files = (
				ED446ACF299627520056C3AC /* Preview Assets.xcassets in Resources */,
				ED446ACC299627520056C3AC /* Assets.xcassets in Resources */,
			);
			runOnlyForDeploymentPostprocessing = 0;
		};
/* End PBXResourcesBuildPhase section */

/* Begin PBXSourcesBuildPhase section */
		ED446AC0299627500056C3AC /* Sources */ = {
			isa = PBXSourcesBuildPhase;
			buildActionMask = 2147483647;
			files = (
				ED446AE9299633700056C3AC /* CustomAlbum.swift in Sources */,
				ED446ACA299627500056C3AC /* ContentView.swift in Sources */,
				ED446ADA29962AB30056C3AC /* BannerAd.swift in Sources */,
				ED446AE4299632E60056C3AC /* OpenVM.swift in Sources */,
				ED446AE0299632400056C3AC /* Home.swift in Sources */,
				ED446AC8299627500056C3AC /* AI_LegendApp.swift in Sources */,
				ED446AE22996327B0056C3AC /* ActivityIndicator.swift in Sources */,
				ED446AEB299633850056C3AC /* Error.swift in Sources */,
				ED446ADE299632180056C3AC /* SplashScreenView.swift in Sources */,
			);
			runOnlyForDeploymentPostprocessing = 0;
		};
/* End PBXSourcesBuildPhase section */

/* Begin XCBuildConfiguration section */
		ED446AD0299627520056C3AC /* Debug */ = {
			isa = XCBuildConfiguration;
			buildSettings = {
				ALWAYS_SEARCH_USER_PATHS = NO;
				CLANG_ANALYZER_NONNULL = YES;
				CLANG_ANALYZER_NUMBER_OBJECT_CONVERSION = YES_AGGRESSIVE;
				CLANG_CXX_LANGUAGE_STANDARD = "gnu++20";
				CLANG_ENABLE_MODULES = YES;
				CLANG_ENABLE_OBJC_ARC = YES;
				CLANG_ENABLE_OBJC_WEAK = YES;
				CLANG_WARN_BLOCK_CAPTURE_AUTORELEASING = YES;
				CLANG_WARN_BOOL_CONVERSION = YES;
				CLANG_WARN_COMMA = YES;
				CLANG_WARN_CONSTANT_CONVERSION = YES;
				CLANG_WARN_DEPRECATED_OBJC_IMPLEMENTATIONS = YES;
				CLANG_WARN_DIRECT_OBJC_ISA_USAGE = YES_ERROR;
				CLANG_WARN_DOCUMENTATION_COMMENTS = YES;
				CLANG_WARN_EMPTY_BODY = YES;
				CLANG_WARN_ENUM_CONVERSION = YES;
				CLANG_WARN_INFINITE_RECURSION = YES;
				CLANG_WARN_INT_CONVERSION = YES;
				CLANG_WARN_NON_LITERAL_NULL_CONVERSION = YES;
				CLANG_WARN_OBJC_IMPLICIT_RETAIN_SELF = YES;
				CLANG_WARN_OBJC_LITERAL_CONVERSION = YES;
				CLANG_WARN_OBJC_ROOT_CLASS = YES_ERROR;
				CLANG_WARN_QUOTED_INCLUDE_IN_FRAMEWORK_HEADER = YES;
				CLANG_WARN_RANGE_LOOP_ANALYSIS = YES;
				CLANG_WARN_STRICT_PROTOTYPES = YES;
				CLANG_WARN_SUSPICIOUS_MOVE = YES;
				CLANG_WARN_UNGUARDED_AVAILABILITY = YES_AGGRESSIVE;
				CLANG_WARN_UNREACHABLE_CODE = YES;
				CLANG_WARN__DUPLICATE_METHOD_MATCH = YES;
				COPY_PHASE_STRIP = NO;
				DEBUG_INFORMATION_FORMAT = dwarf;
				ENABLE_STRICT_OBJC_MSGSEND = YES;
				ENABLE_TESTABILITY = YES;
				GCC_C_LANGUAGE_STANDARD = gnu11;
				GCC_DYNAMIC_NO_PIC = NO;
				GCC_NO_COMMON_BLOCKS = YES;
				GCC_OPTIMIZATION_LEVEL = 0;
				GCC_PREPROCESSOR_DEFINITIONS = (
					"DEBUG=1",
					"$(inherited)",
				);
				GCC_WARN_64_TO_32_BIT_CONVERSION = YES;
				GCC_WARN_ABOUT_RETURN_TYPE = YES_ERROR;
				GCC_WARN_UNDECLARED_SELECTOR = YES;
				GCC_WARN_UNINITIALIZED_AUTOS = YES_AGGRESSIVE;
				GCC_WARN_UNUSED_FUNCTION = YES;
				GCC_WARN_UNUSED_VARIABLE = YES;
				IPHONEOS_DEPLOYMENT_TARGET = 16.2;
				MTL_ENABLE_DEBUG_INFO = INCLUDE_SOURCE;
				MTL_FAST_MATH = YES;
				ONLY_ACTIVE_ARCH = YES;
				OTHER_LDFLAGS = "-ObjC";
				SDKROOT = iphoneos;
				SWIFT_ACTIVE_COMPILATION_CONDITIONS = DEBUG;
				SWIFT_OPTIMIZATION_LEVEL = "-Onone";
			};
			name = Debug;
		};
		ED446AD1299627520056C3AC /* Release */ = {
			isa = XCBuildConfiguration;
			buildSettings = {
				ALWAYS_SEARCH_USER_PATHS = NO;
				CLANG_ANALYZER_NONNULL = YES;
				CLANG_ANALYZER_NUMBER_OBJECT_CONVERSION = YES_AGGRESSIVE;
				CLANG_CXX_LANGUAGE_STANDARD = "gnu++20";
				CLANG_ENABLE_MODULES = YES;
				CLANG_ENABLE_OBJC_ARC = YES;
				CLANG_ENABLE_OBJC_WEAK = YES;
				CLANG_WARN_BLOCK_CAPTURE_AUTORELEASING = YES;
				CLANG_WARN_BOOL_CONVERSION = YES;
				CLANG_WARN_COMMA = YES;
				CLANG_WARN_CONSTANT_CONVERSION = YES;
				CLANG_WARN_DEPRECATED_OBJC_IMPLEMENTATIONS = YES;
				CLANG_WARN_DIRECT_OBJC_ISA_USAGE = YES_ERROR;
				CLANG_WARN_DOCUMENTATION_COMMENTS = YES;
				CLANG_WARN_EMPTY_BODY = YES;
				CLANG_WARN_ENUM_CONVERSION = YES;
				CLANG_WARN_INFINITE_RECURSION = YES;
				CLANG_WARN_INT_CONVERSION = YES;
				CLANG_WARN_NON_LITERAL_NULL_CONVERSION = YES;
				CLANG_WARN_OBJC_IMPLICIT_RETAIN_SELF = YES;
				CLANG_WARN_OBJC_LITERAL_CONVERSION = YES;
				CLANG_WARN_OBJC_ROOT_CLASS = YES_ERROR;
				CLANG_WARN_QUOTED_INCLUDE_IN_FRAMEWORK_HEADER = YES;
				CLANG_WARN_RANGE_LOOP_ANALYSIS = YES;
				CLANG_WARN_STRICT_PROTOTYPES = YES;
				CLANG_WARN_SUSPICIOUS_MOVE = YES;
				CLANG_WARN_UNGUARDED_AVAILABILITY = YES_AGGRESSIVE;
				CLANG_WARN_UNREACHABLE_CODE = YES;
				CLANG_WARN__DUPLICATE_METHOD_MATCH = YES;
				COPY_PHASE_STRIP = NO;
				DEBUG_INFORMATION_FORMAT = "dwarf-with-dsym";
				ENABLE_NS_ASSERTIONS = NO;
				ENABLE_STRICT_OBJC_MSGSEND = YES;
				GCC_C_LANGUAGE_STANDARD = gnu11;
				GCC_NO_COMMON_BLOCKS = YES;
				GCC_WARN_64_TO_32_BIT_CONVERSION = YES;
				GCC_WARN_ABOUT_RETURN_TYPE = YES_ERROR;
				GCC_WARN_UNDECLARED_SELECTOR = YES;
				GCC_WARN_UNINITIALIZED_AUTOS = YES_AGGRESSIVE;
				GCC_WARN_UNUSED_FUNCTION = YES;
				GCC_WARN_UNUSED_VARIABLE = YES;
				IPHONEOS_DEPLOYMENT_TARGET = 16.2;
				MTL_ENABLE_DEBUG_INFO = NO;
				MTL_FAST_MATH = YES;
				OTHER_LDFLAGS = "-ObjC";
				SDKROOT = iphoneos;
				SWIFT_COMPILATION_MODE = wholemodule;
				SWIFT_OPTIMIZATION_LEVEL = "-O";
				VALIDATE_PRODUCT = YES;
			};
			name = Release;
		};
		ED446AD3299627520056C3AC /* Debug */ = {
			isa = XCBuildConfiguration;
			buildSettings = {
				ASSETCATALOG_COMPILER_APPICON_NAME = AppIcon;
				ASSETCATALOG_COMPILER_GLOBAL_ACCENT_COLOR_NAME = AccentColor;
				CODE_SIGN_STYLE = Automatic;
				CURRENT_PROJECT_VERSION = 1;
				DEVELOPMENT_ASSET_PATHS = "\"AI Legend/Preview Content\"";
				DEVELOPMENT_TEAM = 9KKB7W39LP;
				ENABLE_PREVIEWS = YES;
				GENERATE_INFOPLIST_FILE = YES;
				INFOPLIST_FILE = "AI-Legend-Info.plist";
				INFOPLIST_KEY_UIApplicationSceneManifest_Generation = YES;
				INFOPLIST_KEY_UIApplicationSupportsIndirectInputEvents = YES;
				INFOPLIST_KEY_UILaunchScreen_Generation = YES;
				INFOPLIST_KEY_UISupportedInterfaceOrientations = UIInterfaceOrientationPortrait;
				LD_RUNPATH_SEARCH_PATHS = (
					"$(inherited)",
					"@executable_path/Frameworks",
				);
				MARKETING_VERSION = 1.0;
				OTHER_LDFLAGS = "-ObjC";
				PRODUCT_BUNDLE_IDENTIFIER = "com.knastudio.AI-Legend";
				PRODUCT_NAME = "$(TARGET_NAME)";
				SWIFT_EMIT_LOC_STRINGS = YES;
				SWIFT_VERSION = 5.0;
				TARGETED_DEVICE_FAMILY = "1,2";
			};
			name = Debug;
		};
		ED446AD4299627520056C3AC /* Release */ = {
			isa = XCBuildConfiguration;
			buildSettings = {
				ASSETCATALOG_COMPILER_APPICON_NAME = AppIcon;
				ASSETCATALOG_COMPILER_GLOBAL_ACCENT_COLOR_NAME = AccentColor;
				CODE_SIGN_STYLE = Automatic;
				CURRENT_PROJECT_VERSION = 1;
				DEVELOPMENT_ASSET_PATHS = "\"AI Legend/Preview Content\"";
				DEVELOPMENT_TEAM = 9KKB7W39LP;
				ENABLE_PREVIEWS = YES;
				GENERATE_INFOPLIST_FILE = YES;
				INFOPLIST_FILE = "AI-Legend-Info.plist";
				INFOPLIST_KEY_UIApplicationSceneManifest_Generation = YES;
				INFOPLIST_KEY_UIApplicationSupportsIndirectInputEvents = YES;
				INFOPLIST_KEY_UILaunchScreen_Generation = YES;
				INFOPLIST_KEY_UISupportedInterfaceOrientations = UIInterfaceOrientationPortrait;
				LD_RUNPATH_SEARCH_PATHS = (
					"$(inherited)",
					"@executable_path/Frameworks",
				);
				MARKETING_VERSION = 1.0;
				OTHER_LDFLAGS = "-ObjC";
				PRODUCT_BUNDLE_IDENTIFIER = "com.knastudio.AI-Legend";
				PRODUCT_NAME = "$(TARGET_NAME)";
				SWIFT_EMIT_LOC_STRINGS = YES;
				SWIFT_VERSION = 5.0;
				TARGETED_DEVICE_FAMILY = "1,2";
			};
			name = Release;
		};
/* End XCBuildConfiguration section */

/* Begin XCConfigurationList section */
		ED446ABF299627500056C3AC /* Build configuration list for PBXProject "AI Legend" */ = {
			isa = XCConfigurationList;
			buildConfigurations = (
				ED446AD0299627520056C3AC /* Debug */,
				ED446AD1299627520056C3AC /* Release */,
			);
			defaultConfigurationIsVisible = 0;
			defaultConfigurationName = Release;
		};
		ED446AD2299627520056C3AC /* Build configuration list for PBXNativeTarget "AI Legend" */ = {
			isa = XCConfigurationList;
			buildConfigurations = (
				ED446AD3299627520056C3AC /* Debug */,
				ED446AD4299627520056C3AC /* Release */,
			);
			defaultConfigurationIsVisible = 0;
			defaultConfigurationName = Release;
		};
/* End XCConfigurationList section */

/* Begin XCRemoteSwiftPackageReference section */
		ED446AD5299629620056C3AC /* XCRemoteSwiftPackageReference "swift-package-manager-google-mobile-ads" */ = {
			isa = XCRemoteSwiftPackageReference;
			repositoryURL = "https://github.com/googleads/swift-package-manager-google-mobile-ads";
			requirement = {
				kind = upToNextMajorVersion;
				minimumVersion = 9.0.0;
			};
		};
		ED446AE5299633100056C3AC /* XCRemoteSwiftPackageReference "OpenAIKit" */ = {
			isa = XCRemoteSwiftPackageReference;
			repositoryURL = "https://github.com/MarcoDotIO/OpenAIKit";
			requirement = {
				kind = upToNextMajorVersion;
				minimumVersion = 1.0.0;
			};
		};
/* End XCRemoteSwiftPackageReference section */

/* Begin XCSwiftPackageProductDependency section */
		ED446AD6299629620056C3AC /* GoogleMobileAds */ = {
			isa = XCSwiftPackageProductDependency;
			package = ED446AD5299629620056C3AC /* XCRemoteSwiftPackageReference "swift-package-manager-google-mobile-ads" */;
			productName = GoogleMobileAds;
		};
		ED446AE6299633100056C3AC /* OpenAIKit */ = {
			isa = XCSwiftPackageProductDependency;
			package = ED446AE5299633100056C3AC /* XCRemoteSwiftPackageReference "OpenAIKit" */;
			productName = OpenAIKit;
		};
/* End XCSwiftPackageProductDependency section */
	};
	rootObject = ED446ABC299627500056C3AC /* Project object */;
}
